
Microsoft Visual Studio Solution File, Format Version 12.00
# Visual Studio Version 16
VisualStudioVersion = 16.0.30804.86
MinimumVisualStudioVersion = 10.0.40219.1
Project("{9A19103F-16F7-4668-BE54-9A1E7A4F7556}") = "24ocakodevdenemeleri", "24ocakodevdenemeleri\24ocakodevdenemeleri.csproj", "{BD42C0B5-E6E8-4246-8AB1-F470F97A21E5}"
EndProject
Project("{FAE04EC0-301F-11D3-BF4B-00C04F79EFBC}") = "ReCapDemo", "ReCapDemo\ReCapDemo.csproj", "{EA0C6393-6D53-4465-A13B-1AEC3EFF228E}"
EndProject
Project("{FAE04EC0-301F-11D3-BF4B-00C04F79EFBC}") = "Interfaces", "InterFaces\Interfaces.csproj", "{865276D9-9BAC-46E2-8222-3C27B9B2EDFB}"
EndProject
Global
	GlobalSection(SolutionConfigurationPlatforms) = preSolution
		Debug|Any CPU = Debug|Any CPU
		Release|Any CPU = Release|Any CPU
	EndGlobalSection
	GlobalSection(ProjectConfigurationPlatforms) = postSolution
		{BD42C0B5-E6E8-4246-8AB1-F470F97A21E5}.Debug|Any CPU.ActiveCfg = Debug|Any CPU
		{BD42C0B5-E6E8-4246-8AB1-F470F97A21E5}.Debug|Any CPU.Build.0 = Debug|Any CPU
		{BD42C0B5-E6E8-4246-8AB1-F470F97A21E5}.Release|Any CPU.ActiveCfg = Release|Any CPU
		{BD42C0B5-E6E8-4246-8AB1-F470F97A21E5}.Release|Any CPU.Build.0 = Release|Any CPU
		{EA0C6393-6D53-4465-A13B-1AEC3EFF228E}.Debug|Any CPU.ActiveCfg = Debug|Any CPU
		{EA0C6393-6D53-4465-A13B-1AEC3EFF228E}.Debug|Any CPU.Build.0 = Debug|Any CPU
		{EA0C6393-6D53-4465-A13B-1AEC3EFF228E}.Release|Any CPU.ActiveCfg = Release|Any CPU
		{EA0C6393-6D53-4465-A13B-1AEC3EFF228E}.Release|Any CPU.Build.0 = Release|Any CPU
		{865276D9-9BAC-46E2-8222-3C27B9B2EDFB}.Debug|Any CPU.ActiveCfg = Debug|Any CPU
		{865276D9-9BAC-46E2-8222-3C27B9B2EDFB}.Debug|Any CPU.Build.0 = Debug|Any CPU
		{865276D9-9BAC-46E2-8222-3C27B9B2EDFB}.Release|Any CPU.ActiveCfg = Release|Any CPU
		{865276D9-9BAC-46E2-8222-3C27B9B2EDFB}.Release|Any CPU.Build.0 = Release|Any CPU
	EndGlobalSection
	GlobalSection(SolutionProperties) = preSolution
		HideSolutionNode = FALSE
	EndGlobalSection
	GlobalSection(ExtensibilityGlobals) = postSolution
		SolutionGuid = {10EC12AD-11B4-43AA-90B5-141B60B584AA}
	EndGlobalSection
EndGlobal
